
Microsoft Visual Studio Solution File, Format Version 12.00
# Visual Studio Version 16
VisualStudioVersion = 16.0.29326.143
MinimumVisualStudioVersion = 10.0.40219.1
Project("{FAE04EC0-301F-11D3-BF4B-00C04F79EFBC}") = "RSS-reader", "RSS-reader\RSS-reader.csproj", "{11EFCE91-3DDA-4A90-8D10-A898D567FD10}"
EndProject
Global
	GlobalSection(SolutionConfigurationPlatforms) = preSolution
		Debug|Any CPU = Debug|Any CPU
		Release|Any CPU = Release|Any CPU
	EndGlobalSection
	GlobalSection(ProjectConfigurationPlatforms) = postSolution
		{11EFCE91-3DDA-4A90-8D10-A898D567FD10}.Debug|Any CPU.ActiveCfg = Debug|Any CPU
		{11EFCE91-3DDA-4A90-8D10-A898D567FD10}.Debug|Any CPU.Build.0 = Debug|Any CPU
		{11EFCE91-3DDA-4A90-8D10-A898D567FD10}.Release|Any CPU.ActiveCfg = Release|Any CPU
		{11EFCE91-3DDA-4A90-8D10-A898D567FD10}.Release|Any CPU.Build.0 = Release|Any CPU
	EndGlobalSection
	GlobalSection(SolutionProperties) = preSolution
		HideSolutionNode = FALSE
	EndGlobalSection
	GlobalSection(ExtensibilityGlobals) = postSolution
		SolutionGuid = {66966278-650B-4648-BA30-97D3324FBEA2}
	EndGlobalSection
EndGlobal
